
Microsoft Visual Studio Solution File, Format Version 12.00
# Visual Studio Version 17
VisualStudioVersion = 17.7.34024.191
MinimumVisualStudioVersion = 10.0.40219.1
Project("{FAE04EC0-301F-11D3-BF4B-00C04F79EFBC}") = "Dog Island WDB Visualizer", "Dog Island WDB Visualizer\Dog Island WDB Visualizer.csproj", "{542D191E-C17C-467D-9E29-F71A86EA2858}"
EndProject
Global
	GlobalSection(SolutionConfigurationPlatforms) = preSolution
		Debug|Any CPU = Debug|Any CPU
		Release|Any CPU = Release|Any CPU
	EndGlobalSection
	GlobalSection(ProjectConfigurationPlatforms) = postSolution
		{542D191E-C17C-467D-9E29-F71A86EA2858}.Debug|Any CPU.ActiveCfg = Debug|Any CPU
		{542D191E-C17C-467D-9E29-F71A86EA2858}.Debug|Any CPU.Build.0 = Debug|Any CPU
		{542D191E-C17C-467D-9E29-F71A86EA2858}.Release|Any CPU.ActiveCfg = Release|Any CPU
		{542D191E-C17C-467D-9E29-F71A86EA2858}.Release|Any CPU.Build.0 = Release|Any CPU
	EndGlobalSection
	GlobalSection(SolutionProperties) = preSolution
		HideSolutionNode = FALSE
	EndGlobalSection
	GlobalSection(ExtensibilityGlobals) = postSolution
		SolutionGuid = {2DFA0E14-80CE-4151-A39C-96F59A998596}
	EndGlobalSection
EndGlobal
